
Microsoft Visual Studio Solution File, Format Version 12.00
# Visual Studio Version 16
VisualStudioVersion = 16.0.31829.152
MinimumVisualStudioVersion = 10.0.40219.1
Project("{FAE04EC0-301F-11D3-BF4B-00C04F79EFBC}") = "IRS", "IRS.csproj", "{2EAA0F27-E294-4A52-B6DE-EBDBABC6238D}"
EndProject
Global
	GlobalSection(SolutionConfigurationPlatforms) = preSolution
		Debug|Any CPU = Debug|Any CPU
		Release|Any CPU = Release|Any CPU
	EndGlobalSection
	GlobalSection(ProjectConfigurationPlatforms) = postSolution
		{2EAA0F27-E294-4A52-B6DE-EBDBABC6238D}.Debug|Any CPU.ActiveCfg = Debug|Any CPU
		{2EAA0F27-E294-4A52-B6DE-EBDBABC6238D}.Debug|Any CPU.Build.0 = Debug|Any CPU
		{2EAA0F27-E294-4A52-B6DE-EBDBABC6238D}.Release|Any CPU.ActiveCfg = Release|Any CPU
		{2EAA0F27-E294-4A52-B6DE-EBDBABC6238D}.Release|Any CPU.Build.0 = Release|Any CPU
	EndGlobalSection
	GlobalSection(SolutionProperties) = preSolution
		HideSolutionNode = FALSE
	EndGlobalSection
	GlobalSection(ExtensibilityGlobals) = postSolution
		SolutionGuid = {6EC4E9DE-6298-41C6-93F7-3F7E71C1AA00}
	EndGlobalSection
EndGlobal
